{
  "nodes": {
    "nixpkgs": {
      "locked": {
        "lastModified": 1600351140,
        "narHash": "sha256-1mnNrYEi3zNPO4YUNso2v+xkDSWv8miX3XEyTmL37uk=",
        "owner": "NixOS",
        "repo": "nixpkgs",
        "rev": "faf5bdea5d9f0f9de26deaa7e864cdcd3b15b4e8",
        "type": "github"
      },
      "original": {
        "id": "nixpkgs",
        "ref": "release-20.03",
        "type": "indirect"
      }
    },
    "root": {
      "inputs": {
        "nixpkgs": "nixpkgs"
      }
    }
  },
  "root": "root",
  "version": 7
}
