{
  "nodes": {
    "nixpkgs": {
      "locked": {
        "lastModified": 1733092855,
        "narHash": "sha256-/8b5c+xR5xWhuqef+g4r93CtLinEd2tj/dX7CByTEwQ=",
        "owner": "NixOS",
        "repo": "nixpkgs",
        "rev": "a6be1aca0f0fd91a4cc12d0729580f389600a706",
        "type": "github"
      },
      "original": {
        "id": "nixpkgs",
        "ref": "release-24.05",
        "type": "indirect"
      }
    },
    "root": {
      "inputs": {
        "nixpkgs": "nixpkgs"
      }
    }
  },
  "root": "root",
  "version": 7
}
