{
  "nodes": {
    "nixpkgs": {
      "locked": {
        "lastModified": 1733430009,
        "narHash": "sha256-KH1RiOM/SffLQdwg5owXY8jo1vViYdcNpJhZESU/tx8=",
        "owner": "NixOS",
        "repo": "nixpkgs",
        "rev": "a3dcb1f8597fcaea48c6500d2dcbf11ffeffe47f",
        "type": "github"
      },
      "original": {
        "owner": "NixOS",
        "ref": "release-24.05",
        "repo": "nixpkgs",
        "type": "github"
      }
    },
    "root": {
      "inputs": {
        "nixpkgs": "nixpkgs"
      }
    }
  },
  "root": "root",
  "version": 7
}
